
Microsoft Visual Studio Solution File, Format Version 12.00
# Visual Studio 2012
Project("{FAE04EC0-301F-11D3-BF4B-00C04F79EFBC}") = "UmbrellaCafeWebsite", "UmbrellaCafeWebsite\UmbrellaCafeWebsite.csproj", "{44A64D8F-5D0A-455D-BE1B-A7327EC924D6}"
EndProject
Project("{FAE04EC0-301F-11D3-BF4B-00C04F79EFBC}") = "UmbrellaCafeWebsite.Tests", "UmbrellaCafeWebsite.Tests\UmbrellaCafeWebsite.Tests.csproj", "{DBF625E1-1BA9-4301-B165-E01A2067446F}"
EndProject
Global
	GlobalSection(SolutionConfigurationPlatforms) = preSolution
		Debug|Any CPU = Debug|Any CPU
		Release|Any CPU = Release|Any CPU
	EndGlobalSection
	GlobalSection(ProjectConfigurationPlatforms) = postSolution
		{44A64D8F-5D0A-455D-BE1B-A7327EC924D6}.Debug|Any CPU.ActiveCfg = Debug|Any CPU
		{44A64D8F-5D0A-455D-BE1B-A7327EC924D6}.Debug|Any CPU.Build.0 = Debug|Any CPU
		{44A64D8F-5D0A-455D-BE1B-A7327EC924D6}.Release|Any CPU.ActiveCfg = Release|Any CPU
		{44A64D8F-5D0A-455D-BE1B-A7327EC924D6}.Release|Any CPU.Build.0 = Release|Any CPU
		{DBF625E1-1BA9-4301-B165-E01A2067446F}.Debug|Any CPU.ActiveCfg = Debug|Any CPU
		{DBF625E1-1BA9-4301-B165-E01A2067446F}.Debug|Any CPU.Build.0 = Debug|Any CPU
		{DBF625E1-1BA9-4301-B165-E01A2067446F}.Release|Any CPU.ActiveCfg = Release|Any CPU
		{DBF625E1-1BA9-4301-B165-E01A2067446F}.Release|Any CPU.Build.0 = Release|Any CPU
	EndGlobalSection
EndGlobal
